{
  "name": "tolgas-super-calculator",
  "version": "0.0.1",
  "lockfileVersion": 1,
  "requires": true,
  "dependencies": {
    "mehmets-super-calulator": {
      "version": "0.0.1",
      "resolved": "https://registry.npmjs.org/mehmets-super-calulator/-/mehmets-super-calulator-0.0.1.tgz",
      "integrity": "sha512-alFIxg2ZRmAgDth1gWahUT4jkr/D216A/AtZfVytMpQPIcAEHtno8L9szFEuHcUxyLd0j00LjB7bxyYbrGd0Lw=="
    }
  }
}
